
Microsoft Visual Studio Solution File, Format Version 12.00
# Visual Studio Version 17
VisualStudioVersion = 17.9.34607.119
MinimumVisualStudioVersion = 10.0.40219.1
Project("{9A19103F-16F7-4668-BE54-9A1E7A4F7556}") = "Utils", "Utils\Utils.csproj", "{0291C248-A311-49E2-812F-FDB6FB9345A0}"
EndProject
Project("{9A19103F-16F7-4668-BE54-9A1E7A4F7556}") = "WebScrapingSelenium", "Webscraper.io\WebScrapingSelenium.csproj", "{66B6834F-F1BA-4D9E-9402-81C8F21BBBDB}"
EndProject
Project("{9A19103F-16F7-4668-BE54-9A1E7A4F7556}") = "WebScraping4devs", "WebScraping4devs\WebScraping4devs.csproj", "{BC681D8F-D193-44D8-AE32-17DFB17829EB}"
EndProject
Project("{9A19103F-16F7-4668-BE54-9A1E7A4F7556}") = "WebScrapingAmazon", "WebScrapingAmazon\WebScrapingAmazon.csproj", "{80DD2546-B95E-448B-881A-97F69C39AB25}"
EndProject
Project("{9A19103F-16F7-4668-BE54-9A1E7A4F7556}") = "WebScrapingML", "WebScrapingML\WebScrapingML.csproj", "{F3EA9A34-4584-48DA-A81A-F1B2C1D0BF4E}"
EndProject
Project("{9A19103F-16F7-4668-BE54-9A1E7A4F7556}") = "WebScrapingShopee", "WebScrapingShopee\WebScrapingShopee.csproj", "{509837F4-47FA-4FF7-8CA1-48DF488B37B3}"
EndProject
Project("{9A19103F-16F7-4668-BE54-9A1E7A4F7556}") = "WebScrapingZoom-BuscaPe", "WebScrapingZoom\WebScrapingZoom-BuscaPe.csproj", "{15EBD6AF-E10B-4CF1-BC0E-4189601E221D}"
EndProject
Global
	GlobalSection(SolutionConfigurationPlatforms) = preSolution
		Debug|Any CPU = Debug|Any CPU
		Release|Any CPU = Release|Any CPU
	EndGlobalSection
	GlobalSection(ProjectConfigurationPlatforms) = postSolution
		{0291C248-A311-49E2-812F-FDB6FB9345A0}.Debug|Any CPU.ActiveCfg = Debug|Any CPU
		{0291C248-A311-49E2-812F-FDB6FB9345A0}.Debug|Any CPU.Build.0 = Debug|Any CPU
		{0291C248-A311-49E2-812F-FDB6FB9345A0}.Release|Any CPU.ActiveCfg = Release|Any CPU
		{0291C248-A311-49E2-812F-FDB6FB9345A0}.Release|Any CPU.Build.0 = Release|Any CPU
		{66B6834F-F1BA-4D9E-9402-81C8F21BBBDB}.Debug|Any CPU.ActiveCfg = Debug|Any CPU
		{66B6834F-F1BA-4D9E-9402-81C8F21BBBDB}.Debug|Any CPU.Build.0 = Debug|Any CPU
		{66B6834F-F1BA-4D9E-9402-81C8F21BBBDB}.Release|Any CPU.ActiveCfg = Release|Any CPU
		{66B6834F-F1BA-4D9E-9402-81C8F21BBBDB}.Release|Any CPU.Build.0 = Release|Any CPU
		{BC681D8F-D193-44D8-AE32-17DFB17829EB}.Debug|Any CPU.ActiveCfg = Debug|Any CPU
		{BC681D8F-D193-44D8-AE32-17DFB17829EB}.Debug|Any CPU.Build.0 = Debug|Any CPU
		{BC681D8F-D193-44D8-AE32-17DFB17829EB}.Release|Any CPU.ActiveCfg = Release|Any CPU
		{BC681D8F-D193-44D8-AE32-17DFB17829EB}.Release|Any CPU.Build.0 = Release|Any CPU
		{80DD2546-B95E-448B-881A-97F69C39AB25}.Debug|Any CPU.ActiveCfg = Debug|Any CPU
		{80DD2546-B95E-448B-881A-97F69C39AB25}.Debug|Any CPU.Build.0 = Debug|Any CPU
		{80DD2546-B95E-448B-881A-97F69C39AB25}.Release|Any CPU.ActiveCfg = Release|Any CPU
		{80DD2546-B95E-448B-881A-97F69C39AB25}.Release|Any CPU.Build.0 = Release|Any CPU
		{F3EA9A34-4584-48DA-A81A-F1B2C1D0BF4E}.Debug|Any CPU.ActiveCfg = Debug|Any CPU
		{F3EA9A34-4584-48DA-A81A-F1B2C1D0BF4E}.Debug|Any CPU.Build.0 = Debug|Any CPU
		{F3EA9A34-4584-48DA-A81A-F1B2C1D0BF4E}.Release|Any CPU.ActiveCfg = Release|Any CPU
		{F3EA9A34-4584-48DA-A81A-F1B2C1D0BF4E}.Release|Any CPU.Build.0 = Release|Any CPU
		{509837F4-47FA-4FF7-8CA1-48DF488B37B3}.Debug|Any CPU.ActiveCfg = Debug|Any CPU
		{509837F4-47FA-4FF7-8CA1-48DF488B37B3}.Debug|Any CPU.Build.0 = Debug|Any CPU
		{509837F4-47FA-4FF7-8CA1-48DF488B37B3}.Release|Any CPU.ActiveCfg = Release|Any CPU
		{509837F4-47FA-4FF7-8CA1-48DF488B37B3}.Release|Any CPU.Build.0 = Release|Any CPU
		{15EBD6AF-E10B-4CF1-BC0E-4189601E221D}.Debug|Any CPU.ActiveCfg = Debug|Any CPU
		{15EBD6AF-E10B-4CF1-BC0E-4189601E221D}.Debug|Any CPU.Build.0 = Debug|Any CPU
		{15EBD6AF-E10B-4CF1-BC0E-4189601E221D}.Release|Any CPU.ActiveCfg = Release|Any CPU
		{15EBD6AF-E10B-4CF1-BC0E-4189601E221D}.Release|Any CPU.Build.0 = Release|Any CPU
	EndGlobalSection
	GlobalSection(SolutionProperties) = preSolution
		HideSolutionNode = FALSE
	EndGlobalSection
	GlobalSection(ExtensibilityGlobals) = postSolution
		SolutionGuid = {8F3D532C-03E5-4B0D-A35A-9240C275D66A}
	EndGlobalSection
EndGlobal
