
Microsoft Visual Studio Solution File, Format Version 12.00
# Visual Studio Version 17
VisualStudioVersion = 17.1.32421.90
MinimumVisualStudioVersion = 10.0.40219.1
Project("{FAE04EC0-301F-11D3-BF4B-00C04F79EFBC}") = "WebScraping4devs", "WebScraping4devs.csproj", "{EDAA3E43-5118-43C7-826D-CA16EADD9662}"
EndProject
Global
	GlobalSection(SolutionConfigurationPlatforms) = preSolution
		Debug|Any CPU = Debug|Any CPU
		Release|Any CPU = Release|Any CPU
	EndGlobalSection
	GlobalSection(ProjectConfigurationPlatforms) = postSolution
		{EDAA3E43-5118-43C7-826D-CA16EADD9662}.Debug|Any CPU.ActiveCfg = Debug|Any CPU
		{EDAA3E43-5118-43C7-826D-CA16EADD9662}.Debug|Any CPU.Build.0 = Debug|Any CPU
		{EDAA3E43-5118-43C7-826D-CA16EADD9662}.Release|Any CPU.ActiveCfg = Release|Any CPU
		{EDAA3E43-5118-43C7-826D-CA16EADD9662}.Release|Any CPU.Build.0 = Release|Any CPU
	EndGlobalSection
	GlobalSection(SolutionProperties) = preSolution
		HideSolutionNode = FALSE
	EndGlobalSection
	GlobalSection(ExtensibilityGlobals) = postSolution
		SolutionGuid = {FEABD980-75B3-4419-8F99-2806AF8855DE}
	EndGlobalSection
EndGlobal
